{
  "name": "bahai-autocorrect",
  "version": "1.0.13",
  "lockfileVersion": 1,
  "requires": true,
  "dependencies": {
    "word-diff": {
      "version": "1.0.1",
      "resolved": "https://registry.npmjs.org/word-diff/-/word-diff-1.0.1.tgz",
      "integrity": "sha1-pB7tL+uDWsgH8vOyT/LxoyJ22bQ="
    }
  }
}
